
Microsoft Visual Studio Solution File, Format Version 12.00
# Visual Studio Version 17
VisualStudioVersion = 17.6.33829.357
MinimumVisualStudioVersion = 10.0.40219.1
Project("{F184B08F-C81C-45F6-A57F-5ABD9991F28F}") = "Ditto", "Ditto.vbproj", "{9F17BA4B-E127-4F7F-84B7-5BAE0B905071}"
EndProject
Global
	GlobalSection(SolutionConfigurationPlatforms) = preSolution
		Debug|Any CPU = Debug|Any CPU
		Release|Any CPU = Release|Any CPU
	EndGlobalSection
	GlobalSection(ProjectConfigurationPlatforms) = postSolution
		{9F17BA4B-E127-4F7F-84B7-5BAE0B905071}.Debug|Any CPU.ActiveCfg = Debug|Any CPU
		{9F17BA4B-E127-4F7F-84B7-5BAE0B905071}.Debug|Any CPU.Build.0 = Debug|Any CPU
		{9F17BA4B-E127-4F7F-84B7-5BAE0B905071}.Release|Any CPU.ActiveCfg = Release|Any CPU
		{9F17BA4B-E127-4F7F-84B7-5BAE0B905071}.Release|Any CPU.Build.0 = Release|Any CPU
	EndGlobalSection
	GlobalSection(SolutionProperties) = preSolution
		HideSolutionNode = FALSE
	EndGlobalSection
	GlobalSection(ExtensibilityGlobals) = postSolution
		SolutionGuid = {8C28950E-376B-4F0A-82AC-F711CABAB507}
	EndGlobalSection
EndGlobal
